
Microsoft Visual Studio Solution File, Format Version 12.00
# Visual Studio Version 16
VisualStudioVersion = 16.0.31702.278
MinimumVisualStudioVersion = 10.0.40219.1
Project("{FAE04EC0-301F-11D3-BF4B-00C04F79EFBC}") = "NoorDemoApp", "NoorDemoApp.csproj", "{89E5781A-0E56-475D-A7B7-2C02B6DCC4E9}"
EndProject
Project("{FAE04EC0-301F-11D3-BF4B-00C04F79EFBC}") = "NoorMSProject", "..\NoorMSProject\NoorMSProject.csproj", "{B94DF560-4036-4398-968A-892B81BC5531}"
EndProject
Global
	GlobalSection(SolutionConfigurationPlatforms) = preSolution
		Debug|Any CPU = Debug|Any CPU
		Release|Any CPU = Release|Any CPU
	EndGlobalSection
	GlobalSection(ProjectConfigurationPlatforms) = postSolution
		{89E5781A-0E56-475D-A7B7-2C02B6DCC4E9}.Debug|Any CPU.ActiveCfg = Debug|Any CPU
		{89E5781A-0E56-475D-A7B7-2C02B6DCC4E9}.Debug|Any CPU.Build.0 = Debug|Any CPU
		{89E5781A-0E56-475D-A7B7-2C02B6DCC4E9}.Release|Any CPU.ActiveCfg = Release|Any CPU
		{89E5781A-0E56-475D-A7B7-2C02B6DCC4E9}.Release|Any CPU.Build.0 = Release|Any CPU
		{B94DF560-4036-4398-968A-892B81BC5531}.Debug|Any CPU.ActiveCfg = Debug|Any CPU
		{B94DF560-4036-4398-968A-892B81BC5531}.Debug|Any CPU.Build.0 = Debug|Any CPU
		{B94DF560-4036-4398-968A-892B81BC5531}.Release|Any CPU.ActiveCfg = Release|Any CPU
		{B94DF560-4036-4398-968A-892B81BC5531}.Release|Any CPU.Build.0 = Release|Any CPU
	EndGlobalSection
	GlobalSection(SolutionProperties) = preSolution
		HideSolutionNode = FALSE
	EndGlobalSection
	GlobalSection(ExtensibilityGlobals) = postSolution
		SolutionGuid = {C9A62354-76A7-4820-B7D8-C5D24520B48E}
	EndGlobalSection
EndGlobal
